// !$*UTF8*$!
{
	archiveVersion = 1;
	classes = {
	};
	objectVersion = 48;
	objects = {

/* Begin PBXBuildFile section */
		530F32791FB70E9300221C9B /* ProfileVC.swift in Sources */ = {isa = PBXBuildFile; fileRef = 530F32771FB70E9300221C9B /* ProfileVC.swift */; };
		530F327A1FB70E9300221C9B /* ProfileVC.xib in Resources */ = {isa = PBXBuildFile; fileRef = 530F32781FB70E9300221C9B /* ProfileVC.xib */; };
		533F61261F765932000F601F /* AuthService.swift in Sources */ = {isa = PBXBuildFile; fileRef = 533F61251F765932000F601F /* AuthService.swift */; };
		53749B871F6B0D3A00D27430 /* AppDelegate.swift in Sources */ = {isa = PBXBuildFile; fileRef = 53749B861F6B0D3A00D27430 /* AppDelegate.swift */; };
		53749B8C1F6B0D3A00D27430 /* Main.storyboard in Resources */ = {isa = PBXBuildFile; fileRef = 53749B8A1F6B0D3A00D27430 /* Main.storyboard */; };
		53749B8E1F6B0D3A00D27430 /* Assets.xcassets in Resources */ = {isa = PBXBuildFile; fileRef = 53749B8D1F6B0D3A00D27430 /* Assets.xcassets */; };
		53749B911F6B0D3A00D27430 /* LaunchScreen.storyboard in Resources */ = {isa = PBXBuildFile; fileRef = 53749B8F1F6B0D3A00D27430 /* LaunchScreen.storyboard */; };
		53749BA51F6D497200D27430 /* ChatVC.swift in Sources */ = {isa = PBXBuildFile; fileRef = 53749BA41F6D497200D27430 /* ChatVC.swift */; };
		53749BA71F6D498200D27430 /* ChannelVC.swift in Sources */ = {isa = PBXBuildFile; fileRef = 53749BA61F6D498200D27430 /* ChannelVC.swift */; };
		537686181F6D62B500C0F5C0 /* GradientView.swift in Sources */ = {isa = PBXBuildFile; fileRef = 537686171F6D62B500C0F5C0 /* GradientView.swift */; };
		5376861B1F6D84B100C0F5C0 /* Constants.swift in Sources */ = {isa = PBXBuildFile; fileRef = 5376861A1F6D84B100C0F5C0 /* Constants.swift */; };
		5376861D1F6D8D3D00C0F5C0 /* LoginVC.swift in Sources */ = {isa = PBXBuildFile; fileRef = 5376861C1F6D8D3D00C0F5C0 /* LoginVC.swift */; };
		5376861F1F6E499200C0F5C0 /* CreateAccountVC.swift in Sources */ = {isa = PBXBuildFile; fileRef = 5376861E1F6E499200C0F5C0 /* CreateAccountVC.swift */; };
		537F9D041F76857F0061480E /* SWRevealViewController.m in Sources */ = {isa = PBXBuildFile; fileRef = 533F61281F768212000F601F /* SWRevealViewController.m */; };
		537F9D061F7B832A0061480E /* RoundedButton.swift in Sources */ = {isa = PBXBuildFile; fileRef = 537F9D051F7B832A0061480E /* RoundedButton.swift */; };
		537F9D081F8A5C620061480E /* UserDataService.swift in Sources */ = {isa = PBXBuildFile; fileRef = 537F9D071F8A5C620061480E /* UserDataService.swift */; };
		53AD2FCE1F8AADB5001BA37F /* AvatarPickerVC.swift in Sources */ = {isa = PBXBuildFile; fileRef = 53AD2FCD1F8AADB5001BA37F /* AvatarPickerVC.swift */; };
		53AD2FD01F973BDD001BA37F /* AvatarCell.swift in Sources */ = {isa = PBXBuildFile; fileRef = 53AD2FCF1F973BDD001BA37F /* AvatarCell.swift */; };
		53AD2FDB1FAF2FE4001BA37F /* MessageService.swift in Sources */ = {isa = PBXBuildFile; fileRef = 53AD2FDA1FAF2FE4001BA37F /* MessageService.swift */; };
		53AD2FDD1FAF304B001BA37F /* Channel.swift in Sources */ = {isa = PBXBuildFile; fileRef = 53AD2FDC1FAF304B001BA37F /* Channel.swift */; };
		53AD2FDF1FAF8D38001BA37F /* ChannelCell.swift in Sources */ = {isa = PBXBuildFile; fileRef = 53AD2FDE1FAF8D38001BA37F /* ChannelCell.swift */; };
		53AD2FE21FB439F3001BA37F /* AddChannelVC.swift in Sources */ = {isa = PBXBuildFile; fileRef = 53AD2FE01FB439F3001BA37F /* AddChannelVC.swift */; };
		53AD2FE31FB439F3001BA37F /* AddChannelVC.xib in Resources */ = {isa = PBXBuildFile; fileRef = 53AD2FE11FB439F3001BA37F /* AddChannelVC.xib */; };
		53AD2FE51FB45BFA001BA37F /* SocketService.swift in Sources */ = {isa = PBXBuildFile; fileRef = 53AD2FE41FB45BFA001BA37F /* SocketService.swift */; };
		53EC3CDB1FB73B1A0096B62D /* Message.swift in Sources */ = {isa = PBXBuildFile; fileRef = 53EC3CDA1FB73B1A0096B62D /* Message.swift */; };
		53EC3CDD1FBA1D890096B62D /* KeyboardBoundView.swift in Sources */ = {isa = PBXBuildFile; fileRef = 53EC3CDC1FBA1D890096B62D /* KeyboardBoundView.swift */; };
		53EC3CDF1FBA29420096B62D /* MessageCell.swift in Sources */ = {isa = PBXBuildFile; fileRef = 53EC3CDE1FBA29420096B62D /* MessageCell.swift */; };
/* End PBXBuildFile section */

/* Begin PBXFileReference section */
		03FFB5E8ED33D6342B1EFCB5 /* Pods-Smack.release.xcconfig */ = {isa = PBXFileReference; includeInIndex = 1; lastKnownFileType = text.xcconfig; name = "Pods-Smack.release.xcconfig"; path = "Pods/Target Support Files/Pods-Smack/Pods-Smack.release.xcconfig"; sourceTree = "<group>"; };
		436F28079FA9DA585936D34F /* Pods_Smack.framework */ = {isa = PBXFileReference; explicitFileType = wrapper.framework; includeInIndex = 0; path = Pods_Smack.framework; sourceTree = BUILT_PRODUCTS_DIR; };
		530F32771FB70E9300221C9B /* ProfileVC.swift */ = {isa = PBXFileReference; lastKnownFileType = sourcecode.swift; path = ProfileVC.swift; sourceTree = "<group>"; };
		530F32781FB70E9300221C9B /* ProfileVC.xib */ = {isa = PBXFileReference; lastKnownFileType = file.xib; path = ProfileVC.xib; sourceTree = "<group>"; };
		533F61251F765932000F601F /* AuthService.swift */ = {isa = PBXFileReference; lastKnownFileType = sourcecode.swift; path = AuthService.swift; sourceTree = "<group>"; };
		533F61271F76820A000F601F /* SWRevealViewController.h */ = {isa = PBXFileReference; lastKnownFileType = sourcecode.c.h; name = SWRevealViewController.h; path = "../../../../Downloads/SWRevealViewController-master 2/SWRevealViewController/SWRevealViewController.h"; sourceTree = "<group>"; };
		533F61281F768212000F601F /* SWRevealViewController.m */ = {isa = PBXFileReference; lastKnownFileType = sourcecode.c.objc; name = SWRevealViewController.m; path = "../../../../Downloads/SWRevealViewController-master 2/SWRevealViewController/SWRevealViewController.m"; sourceTree = "<group>"; };
		53749B831F6B0D3A00D27430 /* Smack.app */ = {isa = PBXFileReference; explicitFileType = wrapper.application; includeInIndex = 0; path = Smack.app; sourceTree = BUILT_PRODUCTS_DIR; };
		53749B861F6B0D3A00D27430 /* AppDelegate.swift */ = {isa = PBXFileReference; lastKnownFileType = sourcecode.swift; path = AppDelegate.swift; sourceTree = "<group>"; };
		53749B8B1F6B0D3A00D27430 /* Base */ = {isa = PBXFileReference; lastKnownFileType = file.storyboard; name = Base; path = Base.lproj/Main.storyboard; sourceTree = "<group>"; };
		53749B8D1F6B0D3A00D27430 /* Assets.xcassets */ = {isa = PBXFileReference; lastKnownFileType = folder.assetcatalog; path = Assets.xcassets; sourceTree = "<group>"; };
		53749B901F6B0D3A00D27430 /* Base */ = {isa = PBXFileReference; lastKnownFileType = file.storyboard; name = Base; path = Base.lproj/LaunchScreen.storyboard; sourceTree = "<group>"; };
		53749B921F6B0D3A00D27430 /* Info.plist */ = {isa = PBXFileReference; lastKnownFileType = text.plist.xml; path = Info.plist; sourceTree = "<group>"; };
		53749BA41F6D497200D27430 /* ChatVC.swift */ = {isa = PBXFileReference; lastKnownFileType = sourcecode.swift; path = ChatVC.swift; sourceTree = "<group>"; };
		53749BA61F6D498200D27430 /* ChannelVC.swift */ = {isa = PBXFileReference; lastKnownFileType = sourcecode.swift; path = ChannelVC.swift; sourceTree = "<group>"; };
		537686171F6D62B500C0F5C0 /* GradientView.swift */ = {isa = PBXFileReference; lastKnownFileType = sourcecode.swift; path = GradientView.swift; sourceTree = "<group>"; };
		5376861A1F6D84B100C0F5C0 /* Constants.swift */ = {isa = PBXFileReference; lastKnownFileType = sourcecode.swift; path = Constants.swift; sourceTree = "<group>"; };
		5376861C1F6D8D3D00C0F5C0 /* LoginVC.swift */ = {isa = PBXFileReference; lastKnownFileType = sourcecode.swift; path = LoginVC.swift; sourceTree = "<group>"; wrapsLines = 0; };
		5376861E1F6E499200C0F5C0 /* CreateAccountVC.swift */ = {isa = PBXFileReference; lastKnownFileType = sourcecode.swift; path = CreateAccountVC.swift; sourceTree = "<group>"; };
		537F9D051F7B832A0061480E /* RoundedButton.swift */ = {isa = PBXFileReference; lastKnownFileType = sourcecode.swift; path = RoundedButton.swift; sourceTree = "<group>"; };
		537F9D071F8A5C620061480E /* UserDataService.swift */ = {isa = PBXFileReference; lastKnownFileType = sourcecode.swift; path = UserDataService.swift; sourceTree = "<group>"; };
		53AD2FCD1F8AADB5001BA37F /* AvatarPickerVC.swift */ = {isa = PBXFileReference; lastKnownFileType = sourcecode.swift; path = AvatarPickerVC.swift; sourceTree = "<group>"; };
		53AD2FCF1F973BDD001BA37F /* AvatarCell.swift */ = {isa = PBXFileReference; lastKnownFileType = sourcecode.swift; path = AvatarCell.swift; sourceTree = "<group>"; };
		53AD2FDA1FAF2FE4001BA37F /* MessageService.swift */ = {isa = PBXFileReference; lastKnownFileType = sourcecode.swift; path = MessageService.swift; sourceTree = "<group>"; };
		53AD2FDC1FAF304B001BA37F /* Channel.swift */ = {isa = PBXFileReference; lastKnownFileType = sourcecode.swift; path = Channel.swift; sourceTree = "<group>"; };
		53AD2FDE1FAF8D38001BA37F /* ChannelCell.swift */ = {isa = PBXFileReference; lastKnownFileType = sourcecode.swift; path = ChannelCell.swift; sourceTree = "<group>"; };
		53AD2FE01FB439F3001BA37F /* AddChannelVC.swift */ = {isa = PBXFileReference; lastKnownFileType = sourcecode.swift; path = AddChannelVC.swift; sourceTree = "<group>"; };
		53AD2FE11FB439F3001BA37F /* AddChannelVC.xib */ = {isa = PBXFileReference; lastKnownFileType = file.xib; path = AddChannelVC.xib; sourceTree = "<group>"; };
		53AD2FE41FB45BFA001BA37F /* SocketService.swift */ = {isa = PBXFileReference; lastKnownFileType = sourcecode.swift; path = SocketService.swift; sourceTree = "<group>"; };
		53C179B81F6D5C27007E642C /* Smack-Bridging-Header.h */ = {isa = PBXFileReference; lastKnownFileType = sourcecode.c.h; path = "Smack-Bridging-Header.h"; sourceTree = "<group>"; };
		53EC3CDA1FB73B1A0096B62D /* Message.swift */ = {isa = PBXFileReference; lastKnownFileType = sourcecode.swift; path = Message.swift; sourceTree = "<group>"; };
		53EC3CDC1FBA1D890096B62D /* KeyboardBoundView.swift */ = {isa = PBXFileReference; lastKnownFileType = sourcecode.swift; path = KeyboardBoundView.swift; sourceTree = "<group>"; };
		53EC3CDE1FBA29420096B62D /* MessageCell.swift */ = {isa = PBXFileReference; lastKnownFileType = sourcecode.swift; path = MessageCell.swift; sourceTree = "<group>"; };
		E4BD4B95FE63FC2E72658B50 /* Pods-Smack.debug.xcconfig */ = {isa = PBXFileReference; includeInIndex = 1; lastKnownFileType = text.xcconfig; name = "Pods-Smack.debug.xcconfig"; path = "Pods/Target Support Files/Pods-Smack/Pods-Smack.debug.xcconfig"; sourceTree = "<group>"; };
/* End PBXFileReference section */

/* Begin PBXFrameworksBuildPhase section */
		53749B801F6B0D3A00D27430 /* Frameworks */ = {
			isa = PBXFrameworksBuildPhase;
			buildActionMask = 2147483647;
			files = (
			);
			runOnlyForDeploymentPostprocessing = 0;
		};
/* End PBXFrameworksBuildPhase section */

/* Begin PBXGroup section */
		533F61241F765910000F601F /* Services */ = {
			isa = PBXGroup;
			children = (
				533F61251F765932000F601F /* AuthService.swift */,
				537F9D071F8A5C620061480E /* UserDataService.swift */,
				53AD2FDA1FAF2FE4001BA37F /* MessageService.swift */,
				53AD2FE41FB45BFA001BA37F /* SocketService.swift */,
			);
			path = Services;
			sourceTree = "<group>";
		};
		53749B7A1F6B0D3A00D27430 = {
			isa = PBXGroup;
			children = (
				53AD2FD51FA4E9C4001BA37F /* XIBs */,
				53749B851F6B0D3A00D27430 /* Smack */,
				53749B841F6B0D3A00D27430 /* Products */,
				86798235839C5D7E5E1EA51E /* Pods */,
				D76D95F05D7914B97957BC10 /* Frameworks */,
			);
			sourceTree = "<group>";
		};
		53749B841F6B0D3A00D27430 /* Products */ = {
			isa = PBXGroup;
			children = (
				53749B831F6B0D3A00D27430 /* Smack.app */,
			);
			name = Products;
			sourceTree = "<group>";
		};
		53749B851F6B0D3A00D27430 /* Smack */ = {
			isa = PBXGroup;
			children = (
				533F61241F765910000F601F /* Services */,
				537686191F6D848700C0F5C0 /* Utilities */,
				53C179B41F6D5B45007E642C /* Supporting Files */,
				53749B9F1F6D465600D27430 /* Model */,
				53749B9E1F6D464F00D27430 /* View */,
				53749B9D1F6D464300D27430 /* Controller */,
				53749B861F6B0D3A00D27430 /* AppDelegate.swift */,
				53749B8A1F6B0D3A00D27430 /* Main.storyboard */,
				53749B8D1F6B0D3A00D27430 /* Assets.xcassets */,
				53749B8F1F6B0D3A00D27430 /* LaunchScreen.storyboard */,
				53749B921F6B0D3A00D27430 /* Info.plist */,
			);
			path = Smack;
			sourceTree = "<group>";
		};
		53749B9D1F6D464300D27430 /* Controller */ = {
			isa = PBXGroup;
			children = (
				53749BA41F6D497200D27430 /* ChatVC.swift */,
				53749BA61F6D498200D27430 /* ChannelVC.swift */,
				5376861C1F6D8D3D00C0F5C0 /* LoginVC.swift */,
				5376861E1F6E499200C0F5C0 /* CreateAccountVC.swift */,
				53AD2FCD1F8AADB5001BA37F /* AvatarPickerVC.swift */,
				53AD2FE01FB439F3001BA37F /* AddChannelVC.swift */,
				530F32771FB70E9300221C9B /* ProfileVC.swift */,
			);
			path = Controller;
			sourceTree = "<group>";
		};
		53749B9E1F6D464F00D27430 /* View */ = {
			isa = PBXGroup;
			children = (
				53EC3CDC1FBA1D890096B62D /* KeyboardBoundView.swift */,
				537686171F6D62B500C0F5C0 /* GradientView.swift */,
				537F9D051F7B832A0061480E /* RoundedButton.swift */,
				53AD2FCF1F973BDD001BA37F /* AvatarCell.swift */,
				53AD2FDE1FAF8D38001BA37F /* ChannelCell.swift */,
				53EC3CDE1FBA29420096B62D /* MessageCell.swift */,
			);
			path = View;
			sourceTree = "<group>";
		};
		53749B9F1F6D465600D27430 /* Model */ = {
			isa = PBXGroup;
			children = (
				53AD2FDC1FAF304B001BA37F /* Channel.swift */,
				53EC3CDA1FB73B1A0096B62D /* Message.swift */,
			);
			path = Model;
			sourceTree = "<group>";
		};
		537686191F6D848700C0F5C0 /* Utilities */ = {
			isa = PBXGroup;
			children = (
				5376861A1F6D84B100C0F5C0 /* Constants.swift */,
			);
			path = Utilities;
			sourceTree = "<group>";
		};
		53AD2FD51FA4E9C4001BA37F /* XIBs */ = {
			isa = PBXGroup;
			children = (
				530F32781FB70E9300221C9B /* ProfileVC.xib */,
				53AD2FE11FB439F3001BA37F /* AddChannelVC.xib */,
			);
			path = XIBs;
			sourceTree = "<group>";
		};
		53C179B41F6D5B45007E642C /* Supporting Files */ = {
			isa = PBXGroup;
			children = (
				533F61281F768212000F601F /* SWRevealViewController.m */,
				533F61271F76820A000F601F /* SWRevealViewController.h */,
				53C179B81F6D5C27007E642C /* Smack-Bridging-Header.h */,
			);
			path = "Supporting Files";
			sourceTree = "<group>";
		};
		86798235839C5D7E5E1EA51E /* Pods */ = {
			isa = PBXGroup;
			children = (
				E4BD4B95FE63FC2E72658B50 /* Pods-Smack.debug.xcconfig */,
				03FFB5E8ED33D6342B1EFCB5 /* Pods-Smack.release.xcconfig */,
			);
			name = Pods;
			sourceTree = "<group>";
		};
		D76D95F05D7914B97957BC10 /* Frameworks */ = {
			isa = PBXGroup;
			children = (
				436F28079FA9DA585936D34F /* Pods_Smack.framework */,
			);
			name = Frameworks;
			sourceTree = "<group>";
		};
/* End PBXGroup section */

/* Begin PBXNativeTarget section */
		53749B821F6B0D3A00D27430 /* Smack */ = {
			isa = PBXNativeTarget;
			buildConfigurationList = 53749B951F6B0D3A00D27430 /* Build configuration list for PBXNativeTarget "Smack" */;
			buildPhases = (
				180C7936732DE52887A36146 /* [CP] Check Pods Manifest.lock */,
				53749B7F1F6B0D3A00D27430 /* Sources */,
				53749B801F6B0D3A00D27430 /* Frameworks */,
				53749B811F6B0D3A00D27430 /* Resources */,
				E38E31743554616436B4C16E /* [CP] Embed Pods Frameworks */,
				15193F7D263E33FAC146DD5F /* [CP] Copy Pods Resources */,
			);
			buildRules = (
			);
			dependencies = (
			);
			name = Smack;
			productName = Smack;
			productReference = 53749B831F6B0D3A00D27430 /* Smack.app */;
			productType = "com.apple.product-type.application";
		};
/* End PBXNativeTarget section */

/* Begin PBXProject section */
		53749B7B1F6B0D3A00D27430 /* Project object */ = {
			isa = PBXProject;
			attributes = {
				LastSwiftUpdateCheck = 0900;
				LastUpgradeCheck = 0900;
				ORGANIZATIONNAME = "Yasamin Sa";
				TargetAttributes = {
					53749B821F6B0D3A00D27430 = {
						CreatedOnToolsVersion = 9.0;
						LastSwiftMigration = 0900;
						ProvisioningStyle = Automatic;
					};
				};
			};
			buildConfigurationList = 53749B7E1F6B0D3A00D27430 /* Build configuration list for PBXProject "Smack" */;
			compatibilityVersion = "Xcode 8.0";
			developmentRegion = en;
			hasScannedForEncodings = 0;
			knownRegions = (
				en,
				Base,
			);
			mainGroup = 53749B7A1F6B0D3A00D27430;
			productRefGroup = 53749B841F6B0D3A00D27430 /* Products */;
			projectDirPath = "";
			projectRoot = "";
			targets = (
				53749B821F6B0D3A00D27430 /* Smack */,
			);
		};
/* End PBXProject section */

/* Begin PBXResourcesBuildPhase section */
		53749B811F6B0D3A00D27430 /* Resources */ = {
			isa = PBXResourcesBuildPhase;
			buildActionMask = 2147483647;
			files = (
				53AD2FE31FB439F3001BA37F /* AddChannelVC.xib in Resources */,
				53749B911F6B0D3A00D27430 /* LaunchScreen.storyboard in Resources */,
				53749B8E1F6B0D3A00D27430 /* Assets.xcassets in Resources */,
				53749B8C1F6B0D3A00D27430 /* Main.storyboard in Resources */,
				530F327A1FB70E9300221C9B /* ProfileVC.xib in Resources */,
			);
			runOnlyForDeploymentPostprocessing = 0;
		};
/* End PBXResourcesBuildPhase section */

/* Begin PBXShellScriptBuildPhase section */
		15193F7D263E33FAC146DD5F /* [CP] Copy Pods Resources */ = {
			isa = PBXShellScriptBuildPhase;
			buildActionMask = 2147483647;
			files = (
			);
			inputPaths = (
			);
			name = "[CP] Copy Pods Resources";
			outputPaths = (
			);
			runOnlyForDeploymentPostprocessing = 0;
			shellPath = /bin/sh;
			shellScript = "\"${SRCROOT}/Pods/Target Support Files/Pods-Smack/Pods-Smack-resources.sh\"\n";
			showEnvVarsInLog = 0;
		};
		180C7936732DE52887A36146 /* [CP] Check Pods Manifest.lock */ = {
			isa = PBXShellScriptBuildPhase;
			buildActionMask = 2147483647;
			files = (
			);
			inputPaths = (
			);
			name = "[CP] Check Pods Manifest.lock";
			outputPaths = (
			);
			runOnlyForDeploymentPostprocessing = 0;
			shellPath = /bin/sh;
			shellScript = "diff \"${PODS_ROOT}/../Podfile.lock\" \"${PODS_ROOT}/Manifest.lock\" > /dev/null\nif [ $? != 0 ] ; then\n    # print error to STDERR\n    echo \"error: The sandbox is not in sync with the Podfile.lock. Run 'pod install' or update your CocoaPods installation.\" >&2\n    exit 1\nfi\n";
			showEnvVarsInLog = 0;
		};
		E38E31743554616436B4C16E /* [CP] Embed Pods Frameworks */ = {
			isa = PBXShellScriptBuildPhase;
			buildActionMask = 2147483647;
			files = (
			);
			inputPaths = (
			);
			name = "[CP] Embed Pods Frameworks";
			outputPaths = (
			);
			runOnlyForDeploymentPostprocessing = 0;
			shellPath = /bin/sh;
			shellScript = "\"${SRCROOT}/Pods/Target Support Files/Pods-Smack/Pods-Smack-frameworks.sh\"\n";
			showEnvVarsInLog = 0;
		};
/* End PBXShellScriptBuildPhase section */

/* Begin PBXSourcesBuildPhase section */
		53749B7F1F6B0D3A00D27430 /* Sources */ = {
			isa = PBXSourcesBuildPhase;
			buildActionMask = 2147483647;
			files = (
				537F9D041F76857F0061480E /* SWRevealViewController.m in Sources */,
				53AD2FDD1FAF304B001BA37F /* Channel.swift in Sources */,
				53AD2FCE1F8AADB5001BA37F /* AvatarPickerVC.swift in Sources */,
				530F32791FB70E9300221C9B /* ProfileVC.swift in Sources */,
				537F9D061F7B832A0061480E /* RoundedButton.swift in Sources */,
				53749BA51F6D497200D27430 /* ChatVC.swift in Sources */,
				537F9D081F8A5C620061480E /* UserDataService.swift in Sources */,
				53749BA71F6D498200D27430 /* ChannelVC.swift in Sources */,
				5376861F1F6E499200C0F5C0 /* CreateAccountVC.swift in Sources */,
				533F61261F765932000F601F /* AuthService.swift in Sources */,
				5376861D1F6D8D3D00C0F5C0 /* LoginVC.swift in Sources */,
				53EC3CDF1FBA29420096B62D /* MessageCell.swift in Sources */,
				53AD2FDB1FAF2FE4001BA37F /* MessageService.swift in Sources */,
				53AD2FE21FB439F3001BA37F /* AddChannelVC.swift in Sources */,
				53AD2FDF1FAF8D38001BA37F /* ChannelCell.swift in Sources */,
				53AD2FD01F973BDD001BA37F /* AvatarCell.swift in Sources */,
				537686181F6D62B500C0F5C0 /* GradientView.swift in Sources */,
				53749B871F6B0D3A00D27430 /* AppDelegate.swift in Sources */,
				53EC3CDD1FBA1D890096B62D /* KeyboardBoundView.swift in Sources */,
				53EC3CDB1FB73B1A0096B62D /* Message.swift in Sources */,
				5376861B1F6D84B100C0F5C0 /* Constants.swift in Sources */,
				53AD2FE51FB45BFA001BA37F /* SocketService.swift in Sources */,
			);
			runOnlyForDeploymentPostprocessing = 0;
		};
/* End PBXSourcesBuildPhase section */

/* Begin PBXVariantGroup section */
		53749B8A1F6B0D3A00D27430 /* Main.storyboard */ = {
			isa = PBXVariantGroup;
			children = (
				53749B8B1F6B0D3A00D27430 /* Base */,
			);
			name = Main.storyboard;
			sourceTree = "<group>";
		};
		53749B8F1F6B0D3A00D27430 /* LaunchScreen.storyboard */ = {
			isa = PBXVariantGroup;
			children = (
				53749B901F6B0D3A00D27430 /* Base */,
			);
			name = LaunchScreen.storyboard;
			sourceTree = "<group>";
		};
/* End PBXVariantGroup section */

/* Begin XCBuildConfiguration section */
		53749B931F6B0D3A00D27430 /* Debug */ = {
			isa = XCBuildConfiguration;
			buildSettings = {
				ALWAYS_SEARCH_USER_PATHS = NO;
				CLANG_ANALYZER_NONNULL = YES;
				CLANG_ANALYZER_NUMBER_OBJECT_CONVERSION = YES_AGGRESSIVE;
				CLANG_CXX_LANGUAGE_STANDARD = "gnu++14";
				CLANG_CXX_LIBRARY = "libc++";
				CLANG_ENABLE_MODULES = YES;
				CLANG_ENABLE_OBJC_ARC = YES;
				CLANG_WARN_BLOCK_CAPTURE_AUTORELEASING = YES;
				CLANG_WARN_BOOL_CONVERSION = YES;
				CLANG_WARN_COMMA = YES;
				CLANG_WARN_CONSTANT_CONVERSION = YES;
				CLANG_WARN_DIRECT_OBJC_ISA_USAGE = YES_ERROR;
				CLANG_WARN_DOCUMENTATION_COMMENTS = YES;
				CLANG_WARN_EMPTY_BODY = YES;
				CLANG_WARN_ENUM_CONVERSION = YES;
				CLANG_WARN_INFINITE_RECURSION = YES;
				CLANG_WARN_INT_CONVERSION = YES;
				CLANG_WARN_NON_LITERAL_NULL_CONVERSION = YES;
				CLANG_WARN_OBJC_LITERAL_CONVERSION = YES;
				CLANG_WARN_OBJC_ROOT_CLASS = YES_ERROR;
				CLANG_WARN_RANGE_LOOP_ANALYSIS = YES;
				CLANG_WARN_STRICT_PROTOTYPES = YES;
				CLANG_WARN_SUSPICIOUS_MOVE = YES;
				CLANG_WARN_UNGUARDED_AVAILABILITY = YES_AGGRESSIVE;
				CLANG_WARN_UNREACHABLE_CODE = YES;
				CLANG_WARN__DUPLICATE_METHOD_MATCH = YES;
				CODE_SIGN_IDENTITY = "iPhone Developer";
				COPY_PHASE_STRIP = NO;
				DEBUG_INFORMATION_FORMAT = dwarf;
				ENABLE_STRICT_OBJC_MSGSEND = YES;
				ENABLE_TESTABILITY = YES;
				GCC_C_LANGUAGE_STANDARD = gnu11;
				GCC_DYNAMIC_NO_PIC = NO;
				GCC_NO_COMMON_BLOCKS = YES;
				GCC_OPTIMIZATION_LEVEL = 0;
				GCC_PREPROCESSOR_DEFINITIONS = (
					"DEBUG=1",
					"$(inherited)",
				);
				GCC_WARN_64_TO_32_BIT_CONVERSION = YES;
				GCC_WARN_ABOUT_RETURN_TYPE = YES_ERROR;
				GCC_WARN_UNDECLARED_SELECTOR = YES;
				GCC_WARN_UNINITIALIZED_AUTOS = YES_AGGRESSIVE;
				GCC_WARN_UNUSED_FUNCTION = YES;
				GCC_WARN_UNUSED_VARIABLE = YES;
				IPHONEOS_DEPLOYMENT_TARGET = 11.0;
				MTL_ENABLE_DEBUG_INFO = YES;
				ONLY_ACTIVE_ARCH = YES;
				SDKROOT = iphoneos;
				SWIFT_ACTIVE_COMPILATION_CONDITIONS = DEBUG;
				SWIFT_OPTIMIZATION_LEVEL = "-Onone";
				SWIFT_VERSION = 4.0;
			};
			name = Debug;
		};
		53749B941F6B0D3A00D27430 /* Release */ = {
			isa = XCBuildConfiguration;
			buildSettings = {
				ALWAYS_SEARCH_USER_PATHS = NO;
				CLANG_ANALYZER_NONNULL = YES;
				CLANG_ANALYZER_NUMBER_OBJECT_CONVERSION = YES_AGGRESSIVE;
				CLANG_CXX_LANGUAGE_STANDARD = "gnu++14";
				CLANG_CXX_LIBRARY = "libc++";
				CLANG_ENABLE_MODULES = YES;
				CLANG_ENABLE_OBJC_ARC = YES;
				CLANG_WARN_BLOCK_CAPTURE_AUTORELEASING = YES;
				CLANG_WARN_BOOL_CONVERSION = YES;
				CLANG_WARN_COMMA = YES;
				CLANG_WARN_CONSTANT_CONVERSION = YES;
				CLANG_WARN_DIRECT_OBJC_ISA_USAGE = YES_ERROR;
				CLANG_WARN_DOCUMENTATION_COMMENTS = YES;
				CLANG_WARN_EMPTY_BODY = YES;
				CLANG_WARN_ENUM_CONVERSION = YES;
				CLANG_WARN_INFINITE_RECURSION = YES;
				CLANG_WARN_INT_CONVERSION = YES;
				CLANG_WARN_NON_LITERAL_NULL_CONVERSION = YES;
				CLANG_WARN_OBJC_LITERAL_CONVERSION = YES;
				CLANG_WARN_OBJC_ROOT_CLASS = YES_ERROR;
				CLANG_WARN_RANGE_LOOP_ANALYSIS = YES;
				CLANG_WARN_STRICT_PROTOTYPES = YES;
				CLANG_WARN_SUSPICIOUS_MOVE = YES;
				CLANG_WARN_UNGUARDED_AVAILABILITY = YES_AGGRESSIVE;
				CLANG_WARN_UNREACHABLE_CODE = YES;
				CLANG_WARN__DUPLICATE_METHOD_MATCH = YES;
				CODE_SIGN_IDENTITY = "iPhone Developer";
				COPY_PHASE_STRIP = NO;
				DEBUG_INFORMATION_FORMAT = "dwarf-with-dsym";
				ENABLE_NS_ASSERTIONS = NO;
				ENABLE_STRICT_OBJC_MSGSEND = YES;
				GCC_C_LANGUAGE_STANDARD = gnu11;
				GCC_NO_COMMON_BLOCKS = YES;
				GCC_WARN_64_TO_32_BIT_CONVERSION = YES;
				GCC_WARN_ABOUT_RETURN_TYPE = YES_ERROR;
				GCC_WARN_UNDECLARED_SELECTOR = YES;
				GCC_WARN_UNINITIALIZED_AUTOS = YES_AGGRESSIVE;
				GCC_WARN_UNUSED_FUNCTION = YES;
				GCC_WARN_UNUSED_VARIABLE = YES;
				IPHONEOS_DEPLOYMENT_TARGET = 11.0;
				MTL_ENABLE_DEBUG_INFO = NO;
				SDKROOT = iphoneos;
				SWIFT_OPTIMIZATION_LEVEL = "-Owholemodule";
				SWIFT_VERSION = 4.0;
				VALIDATE_PRODUCT = YES;
			};
			name = Release;
		};
		53749B961F6B0D3A00D27430 /* Debug */ = {
			isa = XCBuildConfiguration;
			baseConfigurationReference = E4BD4B95FE63FC2E72658B50 /* Pods-Smack.debug.xcconfig */;
			buildSettings = {
				ASSETCATALOG_COMPILER_APPICON_NAME = AppIcon;
				CLANG_ENABLE_MODULES = YES;
				CODE_SIGN_STYLE = Automatic;
				DEVELOPMENT_TEAM = 86H8YJR5QC;
				ENABLE_BITCODE = NO;
				INFOPLIST_FILE = Smack/Info.plist;
				LD_RUNPATH_SEARCH_PATHS = "$(inherited) @executable_path/Frameworks";
				PRODUCT_BUNDLE_IDENTIFIER = com.mycompany.Smack;
				PRODUCT_NAME = "$(TARGET_NAME)";
				SWIFT_OBJC_BRIDGING_HEADER = "Smack/Supporting Files/Smack-Bridging-Header.h";
				SWIFT_OPTIMIZATION_LEVEL = "-Onone";
				SWIFT_VERSION = 4.0;
				TARGETED_DEVICE_FAMILY = "1,2";
			};
			name = Debug;
		};
		53749B971F6B0D3A00D27430 /* Release */ = {
			isa = XCBuildConfiguration;
			baseConfigurationReference = 03FFB5E8ED33D6342B1EFCB5 /* Pods-Smack.release.xcconfig */;
			buildSettings = {
				ASSETCATALOG_COMPILER_APPICON_NAME = AppIcon;
				CLANG_ENABLE_MODULES = YES;
				CODE_SIGN_STYLE = Automatic;
				DEVELOPMENT_TEAM = 86H8YJR5QC;
				ENABLE_BITCODE = NO;
				INFOPLIST_FILE = Smack/Info.plist;
				LD_MAP_FILE_PATH = "${BUILT_PRODUCTS_DIR}/$(PRODUCT_NAME)-LinkMap-$(CURRENT_VARIANT)-$(CURRENT_ARCH).txt";
				"LD_MAP_FILE_PATH[arch=*]" = "$(TARGET_TEMP_DIR)/$(PRODUCT_NAME)-LinkMap-$(CURRENT_VARIANT)-$(CURRENT_ARCH).txt";
				LD_RUNPATH_SEARCH_PATHS = "$(inherited) @executable_path/Frameworks";
				PRODUCT_BUNDLE_IDENTIFIER = com.mycompany.Smack;
				PRODUCT_NAME = "$(TARGET_NAME)";
				SWIFT_OBJC_BRIDGING_HEADER = "Smack/Supporting Files/Smack-Bridging-Header.h";
				SWIFT_VERSION = 4.0;
				TARGETED_DEVICE_FAMILY = "1,2";
			};
			name = Release;
		};
/* End XCBuildConfiguration section */

/* Begin XCConfigurationList section */
		53749B7E1F6B0D3A00D27430 /* Build configuration list for PBXProject "Smack" */ = {
			isa = XCConfigurationList;
			buildConfigurations = (
				53749B931F6B0D3A00D27430 /* Debug */,
				53749B941F6B0D3A00D27430 /* Release */,
			);
			defaultConfigurationIsVisible = 0;
			defaultConfigurationName = Release;
		};
		53749B951F6B0D3A00D27430 /* Build configuration list for PBXNativeTarget "Smack" */ = {
			isa = XCConfigurationList;
			buildConfigurations = (
				53749B961F6B0D3A00D27430 /* Debug */,
				53749B971F6B0D3A00D27430 /* Release */,
			);
			defaultConfigurationIsVisible = 0;
			defaultConfigurationName = Release;
		};
/* End XCConfigurationList section */
	};
	rootObject = 53749B7B1F6B0D3A00D27430 /* Project object */;
}
